
Microsoft Visual Studio Solution File, Format Version 12.00
# Visual Studio Version 16
VisualStudioVersion = 16.0.31402.337
MinimumVisualStudioVersion = 10.0.40219.1
Project("{FAE04EC0-301F-11D3-BF4B-00C04F79EFBC}") = "DamageHitPoints", "DamageHitPoints\DamageHitPoints.csproj", "{AD032F56-943B-44E5-A44C-3B040F1D95BA}"
EndProject
Global
	GlobalSection(SolutionConfigurationPlatforms) = preSolution
		Debug|Any CPU = Debug|Any CPU
		Release|Any CPU = Release|Any CPU
	EndGlobalSection
	GlobalSection(ProjectConfigurationPlatforms) = postSolution
		{AD032F56-943B-44E5-A44C-3B040F1D95BA}.Debug|Any CPU.ActiveCfg = Debug|Any CPU
		{AD032F56-943B-44E5-A44C-3B040F1D95BA}.Debug|Any CPU.Build.0 = Debug|Any CPU
		{AD032F56-943B-44E5-A44C-3B040F1D95BA}.Release|Any CPU.ActiveCfg = Release|Any CPU
		{AD032F56-943B-44E5-A44C-3B040F1D95BA}.Release|Any CPU.Build.0 = Release|Any CPU
	EndGlobalSection
	GlobalSection(SolutionProperties) = preSolution
		HideSolutionNode = FALSE
	EndGlobalSection
	GlobalSection(ExtensibilityGlobals) = postSolution
		SolutionGuid = {B66948D0-61A2-4C2F-AE0D-62241EC59FAD}
	EndGlobalSection
EndGlobal
